
Microsoft Visual Studio Solution File, Format Version 12.00
# Visual Studio Version 17
VisualStudioVersion = 17.5.33414.496
MinimumVisualStudioVersion = 15.0.26124.0
Project("{2150E333-8FDC-42A3-9474-1A3956D46DE8}") = "src", "src", "{69C50C6B-BF41-47FC-9237-B75F4D37AA3F}"
EndProject
Project("{6EC3EE1D-3C4E-46DD-8F32-0CC8E7565705}") = "Fornax", "src\Fornax\Fornax.fsproj", "{7FC34D4F-ECF8-41E7-AC7D-0E87A231C763}"
EndProject
Project("{6EC3EE1D-3C4E-46DD-8F32-0CC8E7565705}") = "Fornax.Core", "src\Fornax.Core\Fornax.Core.fsproj", "{D3405270-64D1-4767-8504-1DACA863715F}"
EndProject
Project("{2150E333-8FDC-42A3-9474-1A3956D46DE8}") = "test", "test", "{E91F7551-B025-4B91-A2D2-66A02A531F41}"
EndProject
Project("{6EC3EE1D-3C4E-46DD-8F32-0CC8E7565705}") = "Fornax.Core.UnitTests", "test\Fornax.Core.UnitTests\Fornax.Core.UnitTests.fsproj", "{C5C16B9D-4CC9-4BD9-AD9D-996E670189BA}"
EndProject
Project("{2150E333-8FDC-42A3-9474-1A3956D46DE8}") = "project", "project", "{E7E971DB-8665-49C3-9841-20711BA2BD5A}"
	ProjectSection(SolutionItems) = preProject
		.gitignore = .gitignore
		CHANGELOG.md = CHANGELOG.md
		CODE_OF_CONDUCT.md = CODE_OF_CONDUCT.md
		CONTRIBUTING.md = CONTRIBUTING.md
		Directory.Build.props = Directory.Build.props
		.config\dotnet-tools.json = .config\dotnet-tools.json
		global.json = global.json
		LICENSE.md = LICENSE.md
		.github\workflows\main.yml = .github\workflows\main.yml
		paket.dependencies = paket.dependencies
		README.md = README.md
		.github\workflows\release.yml = .github\workflows\release.yml
	EndProjectSection
EndProject
Project("{6EC3EE1D-3C4E-46DD-8F32-0CC8E7565705}") = "build", "build.fsproj", "{4CCF7454-9142-469D-AD5D-463F2919540D}"
EndProject
Global
	GlobalSection(SolutionConfigurationPlatforms) = preSolution
		Debug|Any CPU = Debug|Any CPU
		Debug|x64 = Debug|x64
		Debug|x86 = Debug|x86
		Release|Any CPU = Release|Any CPU
		Release|x64 = Release|x64
		Release|x86 = Release|x86
	EndGlobalSection
	GlobalSection(ProjectConfigurationPlatforms) = postSolution
		{7FC34D4F-ECF8-41E7-AC7D-0E87A231C763}.Debug|Any CPU.ActiveCfg = Debug|Any CPU
		{7FC34D4F-ECF8-41E7-AC7D-0E87A231C763}.Debug|Any CPU.Build.0 = Debug|Any CPU
		{7FC34D4F-ECF8-41E7-AC7D-0E87A231C763}.Debug|x64.ActiveCfg = Debug|Any CPU
		{7FC34D4F-ECF8-41E7-AC7D-0E87A231C763}.Debug|x64.Build.0 = Debug|Any CPU
		{7FC34D4F-ECF8-41E7-AC7D-0E87A231C763}.Debug|x86.ActiveCfg = Debug|Any CPU
		{7FC34D4F-ECF8-41E7-AC7D-0E87A231C763}.Debug|x86.Build.0 = Debug|Any CPU
		{7FC34D4F-ECF8-41E7-AC7D-0E87A231C763}.Release|Any CPU.ActiveCfg = Release|Any CPU
		{7FC34D4F-ECF8-41E7-AC7D-0E87A231C763}.Release|Any CPU.Build.0 = Release|Any CPU
		{7FC34D4F-ECF8-41E7-AC7D-0E87A231C763}.Release|x64.ActiveCfg = Release|Any CPU
		{7FC34D4F-ECF8-41E7-AC7D-0E87A231C763}.Release|x64.Build.0 = Release|Any CPU
		{7FC34D4F-ECF8-41E7-AC7D-0E87A231C763}.Release|x86.ActiveCfg = Release|Any CPU
		{7FC34D4F-ECF8-41E7-AC7D-0E87A231C763}.Release|x86.Build.0 = Release|Any CPU
		{D3405270-64D1-4767-8504-1DACA863715F}.Debug|Any CPU.ActiveCfg = Debug|Any CPU
		{D3405270-64D1-4767-8504-1DACA863715F}.Debug|Any CPU.Build.0 = Debug|Any CPU
		{D3405270-64D1-4767-8504-1DACA863715F}.Debug|x64.ActiveCfg = Debug|Any CPU
		{D3405270-64D1-4767-8504-1DACA863715F}.Debug|x64.Build.0 = Debug|Any CPU
		{D3405270-64D1-4767-8504-1DACA863715F}.Debug|x86.ActiveCfg = Debug|Any CPU
		{D3405270-64D1-4767-8504-1DACA863715F}.Debug|x86.Build.0 = Debug|Any CPU
		{D3405270-64D1-4767-8504-1DACA863715F}.Release|Any CPU.ActiveCfg = Release|Any CPU
		{D3405270-64D1-4767-8504-1DACA863715F}.Release|Any CPU.Build.0 = Release|Any CPU
		{D3405270-64D1-4767-8504-1DACA863715F}.Release|x64.ActiveCfg = Release|Any CPU
		{D3405270-64D1-4767-8504-1DACA863715F}.Release|x64.Build.0 = Release|Any CPU
		{D3405270-64D1-4767-8504-1DACA863715F}.Release|x86.ActiveCfg = Release|Any CPU
		{D3405270-64D1-4767-8504-1DACA863715F}.Release|x86.Build.0 = Release|Any CPU
		{C5C16B9D-4CC9-4BD9-AD9D-996E670189BA}.Debug|Any CPU.ActiveCfg = Debug|Any CPU
		{C5C16B9D-4CC9-4BD9-AD9D-996E670189BA}.Debug|Any CPU.Build.0 = Debug|Any CPU
		{C5C16B9D-4CC9-4BD9-AD9D-996E670189BA}.Debug|x64.ActiveCfg = Debug|Any CPU
		{C5C16B9D-4CC9-4BD9-AD9D-996E670189BA}.Debug|x64.Build.0 = Debug|Any CPU
		{C5C16B9D-4CC9-4BD9-AD9D-996E670189BA}.Debug|x86.ActiveCfg = Debug|Any CPU
		{C5C16B9D-4CC9-4BD9-AD9D-996E670189BA}.Debug|x86.Build.0 = Debug|Any CPU
		{C5C16B9D-4CC9-4BD9-AD9D-996E670189BA}.Release|Any CPU.ActiveCfg = Release|Any CPU
		{C5C16B9D-4CC9-4BD9-AD9D-996E670189BA}.Release|Any CPU.Build.0 = Release|Any CPU
		{C5C16B9D-4CC9-4BD9-AD9D-996E670189BA}.Release|x64.ActiveCfg = Release|Any CPU
		{C5C16B9D-4CC9-4BD9-AD9D-996E670189BA}.Release|x64.Build.0 = Release|Any CPU
		{C5C16B9D-4CC9-4BD9-AD9D-996E670189BA}.Release|x86.ActiveCfg = Release|Any CPU
		{C5C16B9D-4CC9-4BD9-AD9D-996E670189BA}.Release|x86.Build.0 = Release|Any CPU
		{4CCF7454-9142-469D-AD5D-463F2919540D}.Debug|Any CPU.ActiveCfg = Debug|Any CPU
		{4CCF7454-9142-469D-AD5D-463F2919540D}.Debug|Any CPU.Build.0 = Debug|Any CPU
		{4CCF7454-9142-469D-AD5D-463F2919540D}.Debug|x64.ActiveCfg = Debug|Any CPU
		{4CCF7454-9142-469D-AD5D-463F2919540D}.Debug|x64.Build.0 = Debug|Any CPU
		{4CCF7454-9142-469D-AD5D-463F2919540D}.Debug|x86.ActiveCfg = Debug|Any CPU
		{4CCF7454-9142-469D-AD5D-463F2919540D}.Debug|x86.Build.0 = Debug|Any CPU
		{4CCF7454-9142-469D-AD5D-463F2919540D}.Release|Any CPU.ActiveCfg = Release|Any CPU
		{4CCF7454-9142-469D-AD5D-463F2919540D}.Release|Any CPU.Build.0 = Release|Any CPU
		{4CCF7454-9142-469D-AD5D-463F2919540D}.Release|x64.ActiveCfg = Release|Any CPU
		{4CCF7454-9142-469D-AD5D-463F2919540D}.Release|x64.Build.0 = Release|Any CPU
		{4CCF7454-9142-469D-AD5D-463F2919540D}.Release|x86.ActiveCfg = Release|Any CPU
		{4CCF7454-9142-469D-AD5D-463F2919540D}.Release|x86.Build.0 = Release|Any CPU
	EndGlobalSection
	GlobalSection(SolutionProperties) = preSolution
		HideSolutionNode = FALSE
	EndGlobalSection
	GlobalSection(NestedProjects) = preSolution
		{7FC34D4F-ECF8-41E7-AC7D-0E87A231C763} = {69C50C6B-BF41-47FC-9237-B75F4D37AA3F}
		{D3405270-64D1-4767-8504-1DACA863715F} = {69C50C6B-BF41-47FC-9237-B75F4D37AA3F}
		{C5C16B9D-4CC9-4BD9-AD9D-996E670189BA} = {E91F7551-B025-4B91-A2D2-66A02A531F41}
	EndGlobalSection
	GlobalSection(ExtensibilityGlobals) = postSolution
		SolutionGuid = {67D2AC79-0181-4183-961A-770B1CDC6CD5}
	EndGlobalSection
EndGlobal
